# THIS IS AN AUTOGENERATED FILE. DO NOT EDIT THIS FILE DIRECTLY.
# yarn lockfile v1


"@babel/code-frame@7.0.0-beta.31":
  version "7.0.0-beta.31"
  resolved "https://registry.npmjs.org/@babel/code-frame/-/code-frame-7.0.0-beta.31.tgz#473d021ecc573a2cce1c07d5b509d5215f46ba35"
  dependencies:
    chalk "^2.0.0"
    esutils "^2.0.2"
    js-tokens "^3.0.0"

"@babel/helper-function-name@7.0.0-beta.31":
  version "7.0.0-beta.31"
  resolved "https://registry.npmjs.org/@babel/helper-function-name/-/helper-function-name-7.0.0-beta.31.tgz#afe63ad799209989348b1109b44feb66aa245f57"
  dependencies:
    "@babel/helper-get-function-arity" "7.0.0-beta.31"
    "@babel/template" "7.0.0-beta.31"
    "@babel/traverse" "7.0.0-beta.31"
    "@babel/types" "7.0.0-beta.31"

"@babel/helper-get-function-arity@7.0.0-beta.31":
  version "7.0.0-beta.31"
  resolved "https://registry.npmjs.org/@babel/helper-get-function-arity/-/helper-get-function-arity-7.0.0-beta.31.tgz#1176d79252741218e0aec872ada07efb2b37a493"
  dependencies:
    "@babel/types" "7.0.0-beta.31"

"@babel/template@7.0.0-beta.31":
  version "7.0.0-beta.31"
  resolved "https://registry.npmjs.org/@babel/template/-/template-7.0.0-beta.31.tgz#577bb29389f6c497c3e7d014617e7d6713f68bda"
  dependencies:
    "@babel/code-frame" "7.0.0-beta.31"
    "@babel/types" "7.0.0-beta.31"
    babylon "7.0.0-beta.31"
    lodash "^4.2.0"

"@babel/traverse@7.0.0-beta.31":
  version "7.0.0-beta.31"
  resolved "https://registry.npmjs.org/@babel/traverse/-/traverse-7.0.0-beta.31.tgz#db399499ad74aefda014f0c10321ab255134b1df"
  dependencies:
    "@babel/code-frame" "7.0.0-beta.31"
    "@babel/helper-function-name" "7.0.0-beta.31"
    "@babel/types" "7.0.0-beta.31"
    babylon "7.0.0-beta.31"
    debug "^3.0.1"
    globals "^10.0.0"
    invariant "^2.2.0"
    lodash "^4.2.0"

"@babel/types@7.0.0-beta.31":
  version "7.0.0-beta.31"
  resolved "https://registry.npmjs.org/@babel/types/-/types-7.0.0-beta.31.tgz#42c9c86784f674c173fb21882ca9643334029de4"
  dependencies:
    esutils "^2.0.2"
    lodash "^4.2.0"
    to-fast-properties "^2.0.0"

ansi-styles@^3.1.0:
  version "3.2.0"
  resolved "https://registry.npmjs.org/ansi-styles/-/ansi-styles-3.2.0.tgz#c159b8d5be0f9e5a6f346dab94f16ce022161b88"
  dependencies:
    color-convert "^1.9.0"

babel-eslint@^8.0.3:
  version "8.0.3"
  resolved "https://registry.npmjs.org/babel-eslint/-/babel-eslint-8.0.3.tgz#f29ecf02336be438195325cd47c468da81ee4e98"
  dependencies:
    "@babel/code-frame" "7.0.0-beta.31"
    "@babel/traverse" "7.0.0-beta.31"
    "@babel/types" "7.0.0-beta.31"
    babylon "7.0.0-beta.31"

babylon@7.0.0-beta.31:
  version "7.0.0-beta.31"
  resolved "https://registry.npmjs.org/babylon/-/babylon-7.0.0-beta.31.tgz#7ec10f81e0e456fd0f855ad60fa30c2ac454283f"

chalk@^2.0.0:
  version "2.3.0"
  resolved "https://registry.npmjs.org/chalk/-/chalk-2.3.0.tgz#b5ea48efc9c1793dccc9b4767c93914d3f2d52ba"
  dependencies:
    ansi-styles "^3.1.0"
    escape-string-regexp "^1.0.5"
    supports-color "^4.0.0"

color-convert@^1.9.0:
  version "1.9.1"
  resolved "https://registry.npmjs.org/color-convert/-/color-convert-1.9.1.tgz#c1261107aeb2f294ebffec9ed9ecad529a6097ed"
  dependencies:
    color-name "^1.1.1"

color-name@^1.1.1:
  version "1.1.3"
  resolved "https://registry.npmjs.org/color-name/-/color-name-1.1.3.tgz#a7d0558bd89c42f795dd42328f740831ca53bc25"

debug@^3.0.1:
  version "3.1.0"
  resolved "https://registry.npmjs.org/debug/-/debug-3.1.0.tgz#5bb5a0672628b64149566ba16819e61518c67261"
  dependencies:
    ms "2.0.0"

escape-string-regexp@^1.0.5:
  version "1.0.5"
  resolved "https://registry.npmjs.org/escape-string-regexp/-/escape-string-regexp-1.0.5.tgz#1b61c0562190a8dff6ae3bb2cf0200ca130b86d4"

esutils@^2.0.2:
  version "2.0.2"
  resolved "https://registry.npmjs.org/esutils/-/esutils-2.0.2.tgz#0abf4f1caa5bcb1f7a9d8acc6dea4faaa04bac9b"

globals@^10.0.0:
  version "10.4.0"
  resolved "https://registry.npmjs.org/globals/-/globals-10.4.0.tgz#5c477388b128a9e4c5c5d01c7a2aca68c68b2da7"

has-flag@^2.0.0:
  version "2.0.0"
  resolved "https://registry.npmjs.org/has-flag/-/has-flag-2.0.0.tgz#e8207af1cc7b30d446cc70b734b5e8be18f88d51"

invariant@^2.2.0:
  version "2.2.2"
  resolved "https://registry.npmjs.org/invariant/-/invariant-2.2.2.tgz#9e1f56ac0acdb6bf303306f338be3b204ae60360"
  dependencies:
    loose-envify "^1.0.0"

js-tokens@^3.0.0:
  version "3.0.2"
  resolved "https://registry.npmjs.org/js-tokens/-/js-tokens-3.0.2.tgz#9866df395102130e38f7f996bceb65443209c25b"

lodash@^4.2.0:
  version "4.17.4"
  resolved "https://registry.npmjs.org/lodash/-/lodash-4.17.4.tgz#78203a4d1c328ae1d86dca6460e369b57f4055ae"

loose-envify@^1.0.0:
  version "1.3.1"
  resolved "https://registry.npmjs.org/loose-envify/-/loose-envify-1.3.1.tgz#d1a8ad33fa9ce0e713d65fdd0ac8b748d478c848"
  dependencies:
    js-tokens "^3.0.0"

ms@2.0.0:
  version "2.0.0"
  resolved "https://registry.npmjs.org/ms/-/ms-2.0.0.tgz#5608aeadfc00be6c2901df5f9861788de0d597c8"

supports-color@^4.0.0:
  version "4.5.0"
  resolved "https://registry.npmjs.org/supports-color/-/supports-color-4.5.0.tgz#be7a0de484dec5c5cddf8b3d59125044912f635b"
  dependencies:
    has-flag "^2.0.0"

to-fast-properties@^2.0.0:
  version "2.0.0"
  resolved "https://registry.npmjs.org/to-fast-properties/-/to-fast-properties-2.0.0.tgz#dc5e698cbd079265bc73e0377681a4e4e83f616e"
